
Microsoft Visual Studio Solution File, Format Version 12.00
# Visual Studio Version 16
VisualStudioVersion = 16.0.29613.14
MinimumVisualStudioVersion = 10.0.40219.1
Project("{FAE04EC0-301F-11D3-BF4B-00C04F79EFBC}") = "Trash Collector", "Trash Collector\Trash Collector.csproj", "{68FD4FE3-E4E0-458A-982C-22AB23B221D7}"
EndProject
Global
	GlobalSection(SolutionConfigurationPlatforms) = preSolution
		Debug|Any CPU = Debug|Any CPU
		Release|Any CPU = Release|Any CPU
	EndGlobalSection
	GlobalSection(ProjectConfigurationPlatforms) = postSolution
		{68FD4FE3-E4E0-458A-982C-22AB23B221D7}.Debug|Any CPU.ActiveCfg = Debug|Any CPU
		{68FD4FE3-E4E0-458A-982C-22AB23B221D7}.Debug|Any CPU.Build.0 = Debug|Any CPU
		{68FD4FE3-E4E0-458A-982C-22AB23B221D7}.Release|Any CPU.ActiveCfg = Release|Any CPU
		{68FD4FE3-E4E0-458A-982C-22AB23B221D7}.Release|Any CPU.Build.0 = Release|Any CPU
	EndGlobalSection
	GlobalSection(SolutionProperties) = preSolution
		HideSolutionNode = FALSE
	EndGlobalSection
	GlobalSection(ExtensibilityGlobals) = postSolution
		SolutionGuid = {DA6046A3-BF61-4ABA-BD7A-83C6B0956905}
	EndGlobalSection
EndGlobal
